
Microsoft Visual Studio Solution File, Format Version 12.00
# Visual Studio Version 17
VisualStudioVersion = 17.6.33815.320
MinimumVisualStudioVersion = 10.0.40219.1
Project("{FAE04EC0-301F-11D3-BF4B-00C04F79EFBC}") = "InfoWebApi", "InfoWebApi\InfoWebApi.csproj", "{36843DD8-0DD5-47AA-9AB7-0BF09A726AC7}"
EndProject
Global
	GlobalSection(SolutionConfigurationPlatforms) = preSolution
		Debug|Any CPU = Debug|Any CPU
		Release|Any CPU = Release|Any CPU
	EndGlobalSection
	GlobalSection(ProjectConfigurationPlatforms) = postSolution
		{36843DD8-0DD5-47AA-9AB7-0BF09A726AC7}.Debug|Any CPU.ActiveCfg = Debug|Any CPU
		{36843DD8-0DD5-47AA-9AB7-0BF09A726AC7}.Debug|Any CPU.Build.0 = Debug|Any CPU
		{36843DD8-0DD5-47AA-9AB7-0BF09A726AC7}.Release|Any CPU.ActiveCfg = Release|Any CPU
		{36843DD8-0DD5-47AA-9AB7-0BF09A726AC7}.Release|Any CPU.Build.0 = Release|Any CPU
	EndGlobalSection
	GlobalSection(SolutionProperties) = preSolution
		HideSolutionNode = FALSE
	EndGlobalSection
	GlobalSection(ExtensibilityGlobals) = postSolution
		SolutionGuid = {043ED805-A23E-4689-A6E7-F0BAA318FFB2}
	EndGlobalSection
EndGlobal
